golang.org/x/crypto v0.40.0 h1:r4x+VvoG5Fm+eJcxMaY8CQM7Lb0l1lsmjGBQ6s8BfKM=
golang.org/x/crypto v0.40.0/go.mod h1:Qr1vMER5WyS2dfPHAlsOj01wgLbsyWtFn/aY+5+ZdxY=
golang.org/x/net v0.42.0 h1:jzkYrhi3YQWD6MLBJcsklgQsoAcw89EcZbJw8Z614hs=
golang.org/x/net v0.42.0/go.mod h1:FF1RA5d3u7nAYA4z2TkclSCKh68eSXtiFwcWQpPXdt8=
golang.org/x/text v0.27.0 h1:4fGWRpyh641NLlecmyl4LOe6yDdfaYNrGb2zdfo4JV4=
golang.org/x/text v0.27.0/go.mod h1:1D28KMCvyooCX9hBiosv5Tz/+YLxj0j7XhWjpSUF7CU=
software.sslmate.com/src/certspotter v0.21.1-0.20250713160610-61fac0199a61 h1:pq85p6FqM+M8/euniHJOmt7sASdaPU+Eyt9FxCT7u/s=
software.sslmate.com/src/certspotter v0.21.1-0.20250713160610-61fac0199a61/go.mod h1:ceDtMfetU6KF2i8EGFov7hwylzx1/R2HZdJZcLF5F+E=
src.agwa.name/go-listener v0.7.0 h1:RbldUxKVsoyydUwrk/PGmDxWiO77h/HowuuHWhTrINE=
src.agwa.name/go-listener v0.7.0/go.mod h1:k8H0TtmlnlI4/SKmFz3QO1Q8Hda29kg4M8E2eNR/vcQ=
